
Microsoft Visual Studio Solution File, Format Version 12.00
# Visual Studio 15
VisualStudioVersion = 15.0.27004.2002
MinimumVisualStudioVersion = 10.0.40219.1
Project("{FAE04EC0-301F-11D3-BF4B-00C04F79EFBC}") = "LightsController", "LightsController\LightsController.csproj", "{4091A6D6-0B93-4D36-AA32-BBDE01316BAE}"
EndProject
Global
	GlobalSection(SolutionConfigurationPlatforms) = preSolution
		Debug|Any CPU = Debug|Any CPU
		Release|Any CPU = Release|Any CPU
	EndGlobalSection
	GlobalSection(ProjectConfigurationPlatforms) = postSolution
		{4091A6D6-0B93-4D36-AA32-BBDE01316BAE}.Debug|Any CPU.ActiveCfg = Debug|Any CPU
		{4091A6D6-0B93-4D36-AA32-BBDE01316BAE}.Debug|Any CPU.Build.0 = Debug|Any CPU
		{4091A6D6-0B93-4D36-AA32-BBDE01316BAE}.Release|Any CPU.ActiveCfg = Release|Any CPU
		{4091A6D6-0B93-4D36-AA32-BBDE01316BAE}.Release|Any CPU.Build.0 = Release|Any CPU
	EndGlobalSection
	GlobalSection(SolutionProperties) = preSolution
		HideSolutionNode = FALSE
	EndGlobalSection
	GlobalSection(ExtensibilityGlobals) = postSolution
		SolutionGuid = {9246AD02-7A11-4B55-80ED-AF9B7A45A4EE}
	EndGlobalSection
EndGlobal
